
Microsoft Visual Studio Solution File, Format Version 12.00
# Visual Studio Version 17
VisualStudioVersion = 17.5.33530.505
MinimumVisualStudioVersion = 10.0.40219.1
Project("{FAE04EC0-301F-11D3-BF4B-00C04F79EFBC}") = "Smart-POS", "Smart-POS\Smart-POS.csproj", "{86E2A35D-4A49-4F89-8104-E085A2219162}"
EndProject
Global
	GlobalSection(SolutionConfigurationPlatforms) = preSolution
		Debug|Any CPU = Debug|Any CPU
		Release|Any CPU = Release|Any CPU
	EndGlobalSection
	GlobalSection(ProjectConfigurationPlatforms) = postSolution
		{86E2A35D-4A49-4F89-8104-E085A2219162}.Debug|Any CPU.ActiveCfg = Debug|Any CPU
		{86E2A35D-4A49-4F89-8104-E085A2219162}.Debug|Any CPU.Build.0 = Debug|Any CPU
		{86E2A35D-4A49-4F89-8104-E085A2219162}.Release|Any CPU.ActiveCfg = Release|Any CPU
		{86E2A35D-4A49-4F89-8104-E085A2219162}.Release|Any CPU.Build.0 = Release|Any CPU
	EndGlobalSection
	GlobalSection(SolutionProperties) = preSolution
		HideSolutionNode = FALSE
	EndGlobalSection
	GlobalSection(ExtensibilityGlobals) = postSolution
		SolutionGuid = {CD3BCF1D-8C7F-4E49-A169-CBE3515BEDFD}
	EndGlobalSection
EndGlobal
